// !$*UTF8*$!
{
	archiveVersion = 1;
	classes = {
	};
	objectVersion = 48;
	objects = {

/* Begin PBXBuildFile section */
		D88F4B771FF09B5B004C8780 /* AppDelegate.m in Sources */ = {isa = PBXBuildFile; fileRef = D88F4B761FF09B5B004C8780 /* AppDelegate.m */; };
		D88F4B7F1FF09B5B004C8780 /* Assets.xcassets in Resources */ = {isa = PBXBuildFile; fileRef = D88F4B7E1FF09B5B004C8780 /* Assets.xcassets */; };
		D88F4B851FF09B5B004C8780 /* main.m in Sources */ = {isa = PBXBuildFile; fileRef = D88F4B841FF09B5B004C8780 /* main.m */; };
		D88F4BA91FF09B97004C8780 /* RootViewController.m in Sources */ = {isa = PBXBuildFile; fileRef = D88F4BA81FF09B97004C8780 /* RootViewController.m */; };
		D88F4BB21FF09EA8004C8780 /* WebViewController.m in Sources */ = {isa = PBXBuildFile; fileRef = D88F4BB11FF09EA8004C8780 /* WebViewController.m */; };
		D88F4BB41FF0AD22004C8780 /* demo.html in Resources */ = {isa = PBXBuildFile; fileRef = D88F4BB31FF0AD22004C8780 /* demo.html */; };
		D88F4BC11FF0FAC0004C8780 /* ERJSManager.m in Sources */ = {isa = PBXBuildFile; fileRef = D88F4BBF1FF0FAC0004C8780 /* ERJSManager.m */; };
/* End PBXBuildFile section */

/* Begin PBXContainerItemProxy section */
		D88F4B8B1FF09B5B004C8780 /* PBXContainerItemProxy */ = {
			isa = PBXContainerItemProxy;
			containerPortal = D88F4B6A1FF09B5A004C8780 /* Project object */;
			proxyType = 1;
			remoteGlobalIDString = D88F4B711FF09B5B004C8780;
			remoteInfo = ERJSManager;
		};
		D88F4B961FF09B5B004C8780 /* PBXContainerItemProxy */ = {
			isa = PBXContainerItemProxy;
			containerPortal = D88F4B6A1FF09B5A004C8780 /* Project object */;
			proxyType = 1;
			remoteGlobalIDString = D88F4B711FF09B5B004C8780;
			remoteInfo = ERJSManager;
		};
/* End PBXContainerItemProxy section */

/* Begin PBXFileReference section */
		D88F4B721FF09B5B004C8780 /* ERJSManager.app */ = {isa = PBXFileReference; explicitFileType = wrapper.application; includeInIndex = 0; path = ERJSManager.app; sourceTree = BUILT_PRODUCTS_DIR; };
		D88F4B751FF09B5B004C8780 /* AppDelegate.h */ = {isa = PBXFileReference; lastKnownFileType = sourcecode.c.h; path = AppDelegate.h; sourceTree = "<group>"; };
		D88F4B761FF09B5B004C8780 /* AppDelegate.m */ = {isa = PBXFileReference; lastKnownFileType = sourcecode.c.objc; path = AppDelegate.m; sourceTree = "<group>"; };
		D88F4B7E1FF09B5B004C8780 /* Assets.xcassets */ = {isa = PBXFileReference; lastKnownFileType = folder.assetcatalog; path = Assets.xcassets; sourceTree = "<group>"; };
		D88F4B831FF09B5B004C8780 /* Info.plist */ = {isa = PBXFileReference; lastKnownFileType = text.plist.xml; path = Info.plist; sourceTree = "<group>"; };
		D88F4B841FF09B5B004C8780 /* main.m */ = {isa = PBXFileReference; lastKnownFileType = sourcecode.c.objc; path = main.m; sourceTree = "<group>"; };
		D88F4B8A1FF09B5B004C8780 /* ERJSManagerTests.xctest */ = {isa = PBXFileReference; explicitFileType = wrapper.cfbundle; includeInIndex = 0; path = ERJSManagerTests.xctest; sourceTree = BUILT_PRODUCTS_DIR; };
		D88F4B951FF09B5B004C8780 /* ERJSManagerUITests.xctest */ = {isa = PBXFileReference; explicitFileType = wrapper.cfbundle; includeInIndex = 0; path = ERJSManagerUITests.xctest; sourceTree = BUILT_PRODUCTS_DIR; };
		D88F4BA71FF09B97004C8780 /* RootViewController.h */ = {isa = PBXFileReference; lastKnownFileType = sourcecode.c.h; path = RootViewController.h; sourceTree = "<group>"; };
		D88F4BA81FF09B97004C8780 /* RootViewController.m */ = {isa = PBXFileReference; lastKnownFileType = sourcecode.c.objc; path = RootViewController.m; sourceTree = "<group>"; };
		D88F4BB01FF09EA8004C8780 /* WebViewController.h */ = {isa = PBXFileReference; lastKnownFileType = sourcecode.c.h; path = WebViewController.h; sourceTree = "<group>"; };
		D88F4BB11FF09EA8004C8780 /* WebViewController.m */ = {isa = PBXFileReference; lastKnownFileType = sourcecode.c.objc; path = WebViewController.m; sourceTree = "<group>"; };
		D88F4BB31FF0AD22004C8780 /* demo.html */ = {isa = PBXFileReference; fileEncoding = 4; lastKnownFileType = text.html; path = demo.html; sourceTree = "<group>"; };
		D88F4BBE1FF0FAC0004C8780 /* ERJSManager.h */ = {isa = PBXFileReference; fileEncoding = 4; lastKnownFileType = sourcecode.c.h; path = ERJSManager.h; sourceTree = "<group>"; };
		D88F4BBF1FF0FAC0004C8780 /* ERJSManager.m */ = {isa = PBXFileReference; fileEncoding = 4; lastKnownFileType = sourcecode.c.objc; path = ERJSManager.m; sourceTree = "<group>"; };
		D88F4BC01FF0FAC0004C8780 /* JSContextExportDelegate.h */ = {isa = PBXFileReference; fileEncoding = 4; lastKnownFileType = sourcecode.c.h; path = JSContextExportDelegate.h; sourceTree = "<group>"; };
/* End PBXFileReference section */

/* Begin PBXFrameworksBuildPhase section */
		D88F4B6F1FF09B5B004C8780 /* Frameworks */ = {
			isa = PBXFrameworksBuildPhase;
			buildActionMask = 2147483647;
			files = (
			);
			runOnlyForDeploymentPostprocessing = 0;
		};
		D88F4B871FF09B5B004C8780 /* Frameworks */ = {
			isa = PBXFrameworksBuildPhase;
			buildActionMask = 2147483647;
			files = (
			);
			runOnlyForDeploymentPostprocessing = 0;
		};
		D88F4B921FF09B5B004C8780 /* Frameworks */ = {
			isa = PBXFrameworksBuildPhase;
			buildActionMask = 2147483647;
			files = (
			);
			runOnlyForDeploymentPostprocessing = 0;
		};
/* End PBXFrameworksBuildPhase section */

/* Begin PBXGroup section */
		D88F4B691FF09B5A004C8780 = {
			isa = PBXGroup;
			children = (
				D88F4B741FF09B5B004C8780 /* ERJSManager */,
				D88F4B731FF09B5B004C8780 /* Products */,
			);
			sourceTree = "<group>";
		};
		D88F4B731FF09B5B004C8780 /* Products */ = {
			isa = PBXGroup;
			children = (
				D88F4B721FF09B5B004C8780 /* ERJSManager.app */,
				D88F4B8A1FF09B5B004C8780 /* ERJSManagerTests.xctest */,
				D88F4B951FF09B5B004C8780 /* ERJSManagerUITests.xctest */,
			);
			name = Products;
			sourceTree = "<group>";
		};
		D88F4B741FF09B5B004C8780 /* ERJSManager */ = {
			isa = PBXGroup;
			children = (
				D88F4B751FF09B5B004C8780 /* AppDelegate.h */,
				D88F4B761FF09B5B004C8780 /* AppDelegate.m */,
				D88F4BB01FF09EA8004C8780 /* WebViewController.h */,
				D88F4BB11FF09EA8004C8780 /* WebViewController.m */,
				D88F4BA71FF09B97004C8780 /* RootViewController.h */,
				D88F4BA81FF09B97004C8780 /* RootViewController.m */,
				D88F4BBD1FF0FAC0004C8780 /* ERJSManager */,
				D88F4BB31FF0AD22004C8780 /* demo.html */,
				D88F4B7E1FF09B5B004C8780 /* Assets.xcassets */,
				D88F4B831FF09B5B004C8780 /* Info.plist */,
				D88F4B841FF09B5B004C8780 /* main.m */,
			);
			path = ERJSManager;
			sourceTree = "<group>";
		};
		D88F4BBD1FF0FAC0004C8780 /* ERJSManager */ = {
			isa = PBXGroup;
			children = (
				D88F4BBE1FF0FAC0004C8780 /* ERJSManager.h */,
				D88F4BBF1FF0FAC0004C8780 /* ERJSManager.m */,
				D88F4BC01FF0FAC0004C8780 /* JSContextExportDelegate.h */,
			);
			path = ERJSManager;
			sourceTree = "<group>";
		};
/* End PBXGroup section */

/* Begin PBXNativeTarget section */
		D88F4B711FF09B5B004C8780 /* ERJSManager */ = {
			isa = PBXNativeTarget;
			buildConfigurationList = D88F4B9E1FF09B5B004C8780 /* Build configuration list for PBXNativeTarget "ERJSManager" */;
			buildPhases = (
				D88F4B6E1FF09B5B004C8780 /* Sources */,
				D88F4B6F1FF09B5B004C8780 /* Frameworks */,
				D88F4B701FF09B5B004C8780 /* Resources */,
			);
			buildRules = (
			);
			dependencies = (
			);
			name = ERJSManager;
			productName = ERJSManager;
			productReference = D88F4B721FF09B5B004C8780 /* ERJSManager.app */;
			productType = "com.apple.product-type.application";
		};
		D88F4B891FF09B5B004C8780 /* ERJSManagerTests */ = {
			isa = PBXNativeTarget;
			buildConfigurationList = D88F4BA11FF09B5B004C8780 /* Build configuration list for PBXNativeTarget "ERJSManagerTests" */;
			buildPhases = (
				D88F4B861FF09B5B004C8780 /* Sources */,
				D88F4B871FF09B5B004C8780 /* Frameworks */,
				D88F4B881FF09B5B004C8780 /* Resources */,
			);
			buildRules = (
			);
			dependencies = (
				D88F4B8C1FF09B5B004C8780 /* PBXTargetDependency */,
			);
			name = ERJSManagerTests;
			productName = ERJSManagerTests;
			productReference = D88F4B8A1FF09B5B004C8780 /* ERJSManagerTests.xctest */;
			productType = "com.apple.product-type.bundle.unit-test";
		};
		D88F4B941FF09B5B004C8780 /* ERJSManagerUITests */ = {
			isa = PBXNativeTarget;
			buildConfigurationList = D88F4BA41FF09B5B004C8780 /* Build configuration list for PBXNativeTarget "ERJSManagerUITests" */;
			buildPhases = (
				D88F4B911FF09B5B004C8780 /* Sources */,
				D88F4B921FF09B5B004C8780 /* Frameworks */,
				D88F4B931FF09B5B004C8780 /* Resources */,
			);
			buildRules = (
			);
			dependencies = (
				D88F4B971FF09B5B004C8780 /* PBXTargetDependency */,
			);
			name = ERJSManagerUITests;
			productName = ERJSManagerUITests;
			productReference = D88F4B951FF09B5B004C8780 /* ERJSManagerUITests.xctest */;
			productType = "com.apple.product-type.bundle.ui-testing";
		};
/* End PBXNativeTarget section */

/* Begin PBXProject section */
		D88F4B6A1FF09B5A004C8780 /* Project object */ = {
			isa = PBXProject;
			attributes = {
				LastUpgradeCheck = 0910;
				ORGANIZATIONNAME = "胡广宇";
				TargetAttributes = {
					D88F4B711FF09B5B004C8780 = {
						CreatedOnToolsVersion = 9.1;
						ProvisioningStyle = Automatic;
					};
					D88F4B891FF09B5B004C8780 = {
						CreatedOnToolsVersion = 9.1;
						ProvisioningStyle = Automatic;
						TestTargetID = D88F4B711FF09B5B004C8780;
					};
					D88F4B941FF09B5B004C8780 = {
						CreatedOnToolsVersion = 9.1;
						ProvisioningStyle = Automatic;
						TestTargetID = D88F4B711FF09B5B004C8780;
					};
				};
			};
			buildConfigurationList = D88F4B6D1FF09B5A004C8780 /* Build configuration list for PBXProject "ERJSManager" */;
			compatibilityVersion = "Xcode 8.0";
			developmentRegion = en;
			hasScannedForEncodings = 0;
			knownRegions = (
				en,
				Base,
			);
			mainGroup = D88F4B691FF09B5A004C8780;
			productRefGroup = D88F4B731FF09B5B004C8780 /* Products */;
			projectDirPath = "";
			projectRoot = "";
			targets = (
				D88F4B711FF09B5B004C8780 /* ERJSManager */,
				D88F4B891FF09B5B004C8780 /* ERJSManagerTests */,
				D88F4B941FF09B5B004C8780 /* ERJSManagerUITests */,
			);
		};
/* End PBXProject section */

/* Begin PBXResourcesBuildPhase section */
		D88F4B701FF09B5B004C8780 /* Resources */ = {
			isa = PBXResourcesBuildPhase;
			buildActionMask = 2147483647;
			files = (
				D88F4B7F1FF09B5B004C8780 /* Assets.xcassets in Resources */,
				D88F4BB41FF0AD22004C8780 /* demo.html in Resources */,
			);
			runOnlyForDeploymentPostprocessing = 0;
		};
		D88F4B881FF09B5B004C8780 /* Resources */ = {
			isa = PBXResourcesBuildPhase;
			buildActionMask = 2147483647;
			files = (
			);
			runOnlyForDeploymentPostprocessing = 0;
		};
		D88F4B931FF09B5B004C8780 /* Resources */ = {
			isa = PBXResourcesBuildPhase;
			buildActionMask = 2147483647;
			files = (
			);
			runOnlyForDeploymentPostprocessing = 0;
		};
/* End PBXResourcesBuildPhase section */

/* Begin PBXSourcesBuildPhase section */
		D88F4B6E1FF09B5B004C8780 /* Sources */ = {
			isa = PBXSourcesBuildPhase;
			buildActionMask = 2147483647;
			files = (
				D88F4BC11FF0FAC0004C8780 /* ERJSManager.m in Sources */,
				D88F4B851FF09B5B004C8780 /* main.m in Sources */,
				D88F4BB21FF09EA8004C8780 /* WebViewController.m in Sources */,
				D88F4B771FF09B5B004C8780 /* AppDelegate.m in Sources */,
				D88F4BA91FF09B97004C8780 /* RootViewController.m in Sources */,
			);
			runOnlyForDeploymentPostprocessing = 0;
		};
		D88F4B861FF09B5B004C8780 /* Sources */ = {
			isa = PBXSourcesBuildPhase;
			buildActionMask = 2147483647;
			files = (
			);
			runOnlyForDeploymentPostprocessing = 0;
		};
		D88F4B911FF09B5B004C8780 /* Sources */ = {
			isa = PBXSourcesBuildPhase;
			buildActionMask = 2147483647;
			files = (
			);
			runOnlyForDeploymentPostprocessing = 0;
		};
/* End PBXSourcesBuildPhase section */

/* Begin PBXTargetDependency section */
		D88F4B8C1FF09B5B004C8780 /* PBXTargetDependency */ = {
			isa = PBXTargetDependency;
			target = D88F4B711FF09B5B004C8780 /* ERJSManager */;
			targetProxy = D88F4B8B1FF09B5B004C8780 /* PBXContainerItemProxy */;
		};
		D88F4B971FF09B5B004C8780 /* PBXTargetDependency */ = {
			isa = PBXTargetDependency;
			target = D88F4B711FF09B5B004C8780 /* ERJSManager */;
			targetProxy = D88F4B961FF09B5B004C8780 /* PBXContainerItemProxy */;
		};
/* End PBXTargetDependency section */

/* Begin XCBuildConfiguration section */
		D88F4B9C1FF09B5B004C8780 /* Debug */ = {
			isa = XCBuildConfiguration;
			buildSettings = {
				ALWAYS_SEARCH_USER_PATHS = NO;
				CLANG_ANALYZER_NONNULL = YES;
				CLANG_ANALYZER_NUMBER_OBJECT_CONVERSION = YES_AGGRESSIVE;
				CLANG_CXX_LANGUAGE_STANDARD = "gnu++14";
				CLANG_CXX_LIBRARY = "libc++";
				CLANG_ENABLE_MODULES = YES;
				CLANG_ENABLE_OBJC_ARC = YES;
				CLANG_WARN_BLOCK_CAPTURE_AUTORELEASING = YES;
				CLANG_WARN_BOOL_CONVERSION = YES;
				CLANG_WARN_COMMA = YES;
				CLANG_WARN_CONSTANT_CONVERSION = YES;
				CLANG_WARN_DIRECT_OBJC_ISA_USAGE = YES_ERROR;
				CLANG_WARN_DOCUMENTATION_COMMENTS = YES;
				CLANG_WARN_EMPTY_BODY = YES;
				CLANG_WARN_ENUM_CONVERSION = YES;
				CLANG_WARN_INFINITE_RECURSION = YES;
				CLANG_WARN_INT_CONVERSION = YES;
				CLANG_WARN_NON_LITERAL_NULL_CONVERSION = YES;
				CLANG_WARN_OBJC_LITERAL_CONVERSION = YES;
				CLANG_WARN_OBJC_ROOT_CLASS = YES_ERROR;
				CLANG_WARN_RANGE_LOOP_ANALYSIS = YES;
				CLANG_WARN_STRICT_PROTOTYPES = YES;
				CLANG_WARN_SUSPICIOUS_MOVE = YES;
				CLANG_WARN_UNGUARDED_AVAILABILITY = YES_AGGRESSIVE;
				CLANG_WARN_UNREACHABLE_CODE = YES;
				CLANG_WARN__DUPLICATE_METHOD_MATCH = YES;
				CODE_SIGN_IDENTITY = "iPhone Developer";
				COPY_PHASE_STRIP = NO;
				DEBUG_INFORMATION_FORMAT = dwarf;
				ENABLE_STRICT_OBJC_MSGSEND = YES;
				ENABLE_TESTABILITY = YES;
				GCC_C_LANGUAGE_STANDARD = gnu11;
				GCC_DYNAMIC_NO_PIC = NO;
				GCC_NO_COMMON_BLOCKS = YES;
				GCC_OPTIMIZATION_LEVEL = 0;
				GCC_PREPROCESSOR_DEFINITIONS = (
					"DEBUG=1",
					"$(inherited)",
				);
				GCC_WARN_64_TO_32_BIT_CONVERSION = YES;
				GCC_WARN_ABOUT_RETURN_TYPE = YES_ERROR;
				GCC_WARN_UNDECLARED_SELECTOR = YES;
				GCC_WARN_UNINITIALIZED_AUTOS = YES_AGGRESSIVE;
				GCC_WARN_UNUSED_FUNCTION = YES;
				GCC_WARN_UNUSED_VARIABLE = YES;
				IPHONEOS_DEPLOYMENT_TARGET = 11.1;
				MTL_ENABLE_DEBUG_INFO = YES;
				ONLY_ACTIVE_ARCH = YES;
				SDKROOT = iphoneos;
			};
			name = Debug;
		};
		D88F4B9D1FF09B5B004C8780 /* Release */ = {
			isa = XCBuildConfiguration;
			buildSettings = {
				ALWAYS_SEARCH_USER_PATHS = NO;
				CLANG_ANALYZER_NONNULL = YES;
				CLANG_ANALYZER_NUMBER_OBJECT_CONVERSION = YES_AGGRESSIVE;
				CLANG_CXX_LANGUAGE_STANDARD = "gnu++14";
				CLANG_CXX_LIBRARY = "libc++";
				CLANG_ENABLE_MODULES = YES;
				CLANG_ENABLE_OBJC_ARC = YES;
				CLANG_WARN_BLOCK_CAPTURE_AUTORELEASING = YES;
				CLANG_WARN_BOOL_CONVERSION = YES;
				CLANG_WARN_COMMA = YES;
				CLANG_WARN_CONSTANT_CONVERSION = YES;
				CLANG_WARN_DIRECT_OBJC_ISA_USAGE = YES_ERROR;
				CLANG_WARN_DOCUMENTATION_COMMENTS = YES;
				CLANG_WARN_EMPTY_BODY = YES;
				CLANG_WARN_ENUM_CONVERSION = YES;
				CLANG_WARN_INFINITE_RECURSION = YES;
				CLANG_WARN_INT_CONVERSION = YES;
				CLANG_WARN_NON_LITERAL_NULL_CONVERSION = YES;
				CLANG_WARN_OBJC_LITERAL_CONVERSION = YES;
				CLANG_WARN_OBJC_ROOT_CLASS = YES_ERROR;
				CLANG_WARN_RANGE_LOOP_ANALYSIS = YES;
				CLANG_WARN_STRICT_PROTOTYPES = YES;
				CLANG_WARN_SUSPICIOUS_MOVE = YES;
				CLANG_WARN_UNGUARDED_AVAILABILITY = YES_AGGRESSIVE;
				CLANG_WARN_UNREACHABLE_CODE = YES;
				CLANG_WARN__DUPLICATE_METHOD_MATCH = YES;
				CODE_SIGN_IDENTITY = "iPhone Developer";
				COPY_PHASE_STRIP = NO;
				DEBUG_INFORMATION_FORMAT = "dwarf-with-dsym";
				ENABLE_NS_ASSERTIONS = NO;
				ENABLE_STRICT_OBJC_MSGSEND = YES;
				GCC_C_LANGUAGE_STANDARD = gnu11;
				GCC_NO_COMMON_BLOCKS = YES;
				GCC_WARN_64_TO_32_BIT_CONVERSION = YES;
				GCC_WARN_ABOUT_RETURN_TYPE = YES_ERROR;
				GCC_WARN_UNDECLARED_SELECTOR = YES;
				GCC_WARN_UNINITIALIZED_AUTOS = YES_AGGRESSIVE;
				GCC_WARN_UNUSED_FUNCTION = YES;
				GCC_WARN_UNUSED_VARIABLE = YES;
				IPHONEOS_DEPLOYMENT_TARGET = 11.1;
				MTL_ENABLE_DEBUG_INFO = NO;
				SDKROOT = iphoneos;
				VALIDATE_PRODUCT = YES;
			};
			name = Release;
		};
		D88F4B9F1FF09B5B004C8780 /* Debug */ = {
			isa = XCBuildConfiguration;
			buildSettings = {
				ASSETCATALOG_COMPILER_APPICON_NAME = AppIcon;
				CODE_SIGN_STYLE = Automatic;
				DEVELOPMENT_TEAM = 7W6345K7JN;
				INFOPLIST_FILE = ERJSManager/Info.plist;
				LD_RUNPATH_SEARCH_PATHS = "$(inherited) @executable_path/Frameworks";
				PRODUCT_BUNDLE_IDENTIFIER = com.ERJSManager;
				PRODUCT_NAME = "$(TARGET_NAME)";
				TARGETED_DEVICE_FAMILY = 1;
			};
			name = Debug;
		};
		D88F4BA01FF09B5B004C8780 /* Release */ = {
			isa = XCBuildConfiguration;
			buildSettings = {
				ASSETCATALOG_COMPILER_APPICON_NAME = AppIcon;
				CODE_SIGN_STYLE = Automatic;
				DEVELOPMENT_TEAM = 7W6345K7JN;
				INFOPLIST_FILE = ERJSManager/Info.plist;
				LD_RUNPATH_SEARCH_PATHS = "$(inherited) @executable_path/Frameworks";
				PRODUCT_BUNDLE_IDENTIFIER = com.ERJSManager;
				PRODUCT_NAME = "$(TARGET_NAME)";
				TARGETED_DEVICE_FAMILY = 1;
			};
			name = Release;
		};
		D88F4BA21FF09B5B004C8780 /* Debug */ = {
			isa = XCBuildConfiguration;
			buildSettings = {
				BUNDLE_LOADER = "$(TEST_HOST)";
				CODE_SIGN_STYLE = Automatic;
				DEVELOPMENT_TEAM = 7W6345K7JN;
				INFOPLIST_FILE = ERJSManagerTests/Info.plist;
				LD_RUNPATH_SEARCH_PATHS = "$(inherited) @executable_path/Frameworks @loader_path/Frameworks";
				PRODUCT_BUNDLE_IDENTIFIER = com.ERJSManagerTests;
				PRODUCT_NAME = "$(TARGET_NAME)";
				TARGETED_DEVICE_FAMILY = "1,2";
				TEST_HOST = "$(BUILT_PRODUCTS_DIR)/ERJSManager.app/ERJSManager";
			};
			name = Debug;
		};
		D88F4BA31FF09B5B004C8780 /* Release */ = {
			isa = XCBuildConfiguration;
			buildSettings = {
				BUNDLE_LOADER = "$(TEST_HOST)";
				CODE_SIGN_STYLE = Automatic;
				DEVELOPMENT_TEAM = 7W6345K7JN;
				INFOPLIST_FILE = ERJSManagerTests/Info.plist;
				LD_RUNPATH_SEARCH_PATHS = "$(inherited) @executable_path/Frameworks @loader_path/Frameworks";
				PRODUCT_BUNDLE_IDENTIFIER = com.ERJSManagerTests;
				PRODUCT_NAME = "$(TARGET_NAME)";
				TARGETED_DEVICE_FAMILY = "1,2";
				TEST_HOST = "$(BUILT_PRODUCTS_DIR)/ERJSManager.app/ERJSManager";
			};
			name = Release;
		};
		D88F4BA51FF09B5B004C8780 /* Debug */ = {
			isa = XCBuildConfiguration;
			buildSettings = {
				CODE_SIGN_STYLE = Automatic;
				DEVELOPMENT_TEAM = 7W6345K7JN;
				INFOPLIST_FILE = ERJSManagerUITests/Info.plist;
				LD_RUNPATH_SEARCH_PATHS = "$(inherited) @executable_path/Frameworks @loader_path/Frameworks";
				PRODUCT_BUNDLE_IDENTIFIER = com.ERJSManagerUITests;
				PRODUCT_NAME = "$(TARGET_NAME)";
				TARGETED_DEVICE_FAMILY = "1,2";
				TEST_TARGET_NAME = ERJSManager;
			};
			name = Debug;
		};
		D88F4BA61FF09B5B004C8780 /* Release */ = {
			isa = XCBuildConfiguration;
			buildSettings = {
				CODE_SIGN_STYLE = Automatic;
				DEVELOPMENT_TEAM = 7W6345K7JN;
				INFOPLIST_FILE = ERJSManagerUITests/Info.plist;
				LD_RUNPATH_SEARCH_PATHS = "$(inherited) @executable_path/Frameworks @loader_path/Frameworks";
				PRODUCT_BUNDLE_IDENTIFIER = com.ERJSManagerUITests;
				PRODUCT_NAME = "$(TARGET_NAME)";
				TARGETED_DEVICE_FAMILY = "1,2";
				TEST_TARGET_NAME = ERJSManager;
			};
			name = Release;
		};
/* End XCBuildConfiguration section */

/* Begin XCConfigurationList section */
		D88F4B6D1FF09B5A004C8780 /* Build configuration list for PBXProject "ERJSManager" */ = {
			isa = XCConfigurationList;
			buildConfigurations = (
				D88F4B9C1FF09B5B004C8780 /* Debug */,
				D88F4B9D1FF09B5B004C8780 /* Release */,
			);
			defaultConfigurationIsVisible = 0;
			defaultConfigurationName = Release;
		};
		D88F4B9E1FF09B5B004C8780 /* Build configuration list for PBXNativeTarget "ERJSManager" */ = {
			isa = XCConfigurationList;
			buildConfigurations = (
				D88F4B9F1FF09B5B004C8780 /* Debug */,
				D88F4BA01FF09B5B004C8780 /* Release */,
			);
			defaultConfigurationIsVisible = 0;
			defaultConfigurationName = Release;
		};
		D88F4BA11FF09B5B004C8780 /* Build configuration list for PBXNativeTarget "ERJSManagerTests" */ = {
			isa = XCConfigurationList;
			buildConfigurations = (
				D88F4BA21FF09B5B004C8780 /* Debug */,
				D88F4BA31FF09B5B004C8780 /* Release */,
			);
			defaultConfigurationIsVisible = 0;
			defaultConfigurationName = Release;
		};
		D88F4BA41FF09B5B004C8780 /* Build configuration list for PBXNativeTarget "ERJSManagerUITests" */ = {
			isa = XCConfigurationList;
			buildConfigurations = (
				D88F4BA51FF09B5B004C8780 /* Debug */,
				D88F4BA61FF09B5B004C8780 /* Release */,
			);
			defaultConfigurationIsVisible = 0;
			defaultConfigurationName = Release;
		};
/* End XCConfigurationList section */
	};
	rootObject = D88F4B6A1FF09B5A004C8780 /* Project object */;
}
